
Microsoft Visual Studio Solution File, Format Version 12.00
# Visual Studio 15
VisualStudioVersion = 15.0.27130.2036
MinimumVisualStudioVersion = 10.0.40219.1
Project("{FAE04EC0-301F-11D3-BF4B-00C04F79EFBC}") = "Image to Braille", "Image to Braille\Image to Braille.csproj", "{0B31EA12-B877-4E78-9775-62A9CC6995F2}"
EndProject
Global
	GlobalSection(SolutionConfigurationPlatforms) = preSolution
		Debug|Any CPU = Debug|Any CPU
		Release|Any CPU = Release|Any CPU
	EndGlobalSection
	GlobalSection(ProjectConfigurationPlatforms) = postSolution
		{0B31EA12-B877-4E78-9775-62A9CC6995F2}.Debug|Any CPU.ActiveCfg = Debug|Any CPU
		{0B31EA12-B877-4E78-9775-62A9CC6995F2}.Debug|Any CPU.Build.0 = Debug|Any CPU
		{0B31EA12-B877-4E78-9775-62A9CC6995F2}.Release|Any CPU.ActiveCfg = Release|Any CPU
		{0B31EA12-B877-4E78-9775-62A9CC6995F2}.Release|Any CPU.Build.0 = Release|Any CPU
	EndGlobalSection
	GlobalSection(SolutionProperties) = preSolution
		HideSolutionNode = FALSE
	EndGlobalSection
	GlobalSection(ExtensibilityGlobals) = postSolution
		SolutionGuid = {345E26A9-8D08-4A66-8FB4-4F286F9E47B3}
	EndGlobalSection
EndGlobal
